{
  "originHash" : "917a2b512148612347b307b5f8d624e74df48af36fa322c80901a86fc0e1317f",
  "pins" : [
    {
      "identity" : "kingfisher",
      "kind" : "remoteSourceControl",
      "location" : "https://github.com/onevcat/Kingfisher.git",
      "state" : {
        "revision" : "c0940e241945e6378c01fbd45fd3815579d47ef5",
        "version" : "8.1.0"
      }
    }
  ],
  "version" : 3
}
